
Microsoft Visual Studio Solution File, Format Version 12.00
# Visual Studio 15
VisualStudioVersion = 15.0.27428.2015
MinimumVisualStudioVersion = 10.0.40219.1
Project("{FAE04EC0-301F-11D3-BF4B-00C04F79EFBC}") = "Core", "Core\Core.csproj", "{07DCC802-BE44-4701-B36E-A966D982749E}"
EndProject
Project("{FAE04EC0-301F-11D3-BF4B-00C04F79EFBC}") = "UnitTests", "UnitTests\UnitTests.csproj", "{615EAAC6-94A0-427A-B75D-D58E06FD0A7B}"
EndProject
Project("{FAE04EC0-301F-11D3-BF4B-00C04F79EFBC}") = "GUI", "GUI\GUI.csproj", "{ED9168F0-8FFE-476A-B6A0-610A82907A9E}"
EndProject
Global
	GlobalSection(SolutionConfigurationPlatforms) = preSolution
		Debug|Any CPU = Debug|Any CPU
		Release|Any CPU = Release|Any CPU
	EndGlobalSection
	GlobalSection(ProjectConfigurationPlatforms) = postSolution
		{07DCC802-BE44-4701-B36E-A966D982749E}.Debug|Any CPU.ActiveCfg = Debug|Any CPU
		{07DCC802-BE44-4701-B36E-A966D982749E}.Debug|Any CPU.Build.0 = Debug|Any CPU
		{07DCC802-BE44-4701-B36E-A966D982749E}.Release|Any CPU.ActiveCfg = Release|Any CPU
		{07DCC802-BE44-4701-B36E-A966D982749E}.Release|Any CPU.Build.0 = Release|Any CPU
		{615EAAC6-94A0-427A-B75D-D58E06FD0A7B}.Debug|Any CPU.ActiveCfg = Debug|Any CPU
		{615EAAC6-94A0-427A-B75D-D58E06FD0A7B}.Debug|Any CPU.Build.0 = Debug|Any CPU
		{615EAAC6-94A0-427A-B75D-D58E06FD0A7B}.Release|Any CPU.ActiveCfg = Release|Any CPU
		{615EAAC6-94A0-427A-B75D-D58E06FD0A7B}.Release|Any CPU.Build.0 = Release|Any CPU
		{ED9168F0-8FFE-476A-B6A0-610A82907A9E}.Debug|Any CPU.ActiveCfg = Debug|Any CPU
		{ED9168F0-8FFE-476A-B6A0-610A82907A9E}.Debug|Any CPU.Build.0 = Debug|Any CPU
		{ED9168F0-8FFE-476A-B6A0-610A82907A9E}.Release|Any CPU.ActiveCfg = Release|Any CPU
		{ED9168F0-8FFE-476A-B6A0-610A82907A9E}.Release|Any CPU.Build.0 = Release|Any CPU
	EndGlobalSection
	GlobalSection(SolutionProperties) = preSolution
		HideSolutionNode = FALSE
	EndGlobalSection
	GlobalSection(ExtensibilityGlobals) = postSolution
		SolutionGuid = {1F771D5C-965E-46DB-B4FC-78294788F5F4}
	EndGlobalSection
EndGlobal
